Microsoft Visual Studio Solution File, Format Version 12.00
# Visual Studio Version 17
VisualStudioVersion = 17.5.2.0
MinimumVisualStudioVersion = 10.0.40219.1
Project("{FAE04EC0-301F-11D3-BF4B-00C04F79EFBC}") = "ToPrinterWrapper", "ToPrinterWrapper\ToPrinterWrapper.csproj", "{934C1F99-F7B8-375F-F6E1-1ACD889C6A07}"
EndProject
Project("{FAE04EC0-301F-11D3-BF4B-00C04F79EFBC}") = "ToPrinterWrapper.Tests", "ToPrinterWrapper.Tests\ToPrinterWrapper.Tests.csproj", "{9236BA6F-BC11-44F9-9AA3-859AA6492757}"
EndProject
Global
	GlobalSection(SolutionConfigurationPlatforms) = preSolution
		Debug|Any CPU = Debug|Any CPU
		Debug|x64 = Debug|x64
		Debug|x86 = Debug|x86
		Release|Any CPU = Release|Any CPU
		Release|x64 = Release|x64
		Release|x86 = Release|x86
	EndGlobalSection
	GlobalSection(ProjectConfigurationPlatforms) = postSolution
		{934C1F99-F7B8-375F-F6E1-1ACD889C6A07}.Debug|Any CPU.ActiveCfg = Debug|Any CPU
		{934C1F99-F7B8-375F-F6E1-1ACD889C6A07}.Debug|Any CPU.Build.0 = Debug|Any CPU
		{934C1F99-F7B8-375F-F6E1-1ACD889C6A07}.Debug|x64.ActiveCfg = Debug|Any CPU
		{934C1F99-F7B8-375F-F6E1-1ACD889C6A07}.Debug|x64.Build.0 = Debug|Any CPU
		{934C1F99-F7B8-375F-F6E1-1ACD889C6A07}.Debug|x86.ActiveCfg = Debug|Any CPU
		{934C1F99-F7B8-375F-F6E1-1ACD889C6A07}.Debug|x86.Build.0 = Debug|Any CPU
		{934C1F99-F7B8-375F-F6E1-1ACD889C6A07}.Release|Any CPU.ActiveCfg = Release|Any CPU
		{934C1F99-F7B8-375F-F6E1-1ACD889C6A07}.Release|Any CPU.Build.0 = Release|Any CPU
		{934C1F99-F7B8-375F-F6E1-1ACD889C6A07}.Release|x64.ActiveCfg = Release|Any CPU
		{934C1F99-F7B8-375F-F6E1-1ACD889C6A07}.Release|x64.Build.0 = Release|Any CPU
		{934C1F99-F7B8-375F-F6E1-1ACD889C6A07}.Release|x86.ActiveCfg = Release|Any CPU
		{934C1F99-F7B8-375F-F6E1-1ACD889C6A07}.Release|x86.Build.0 = Release|Any CPU
		{9236BA6F-BC11-44F9-9AA3-859AA6492757}.Debug|Any CPU.ActiveCfg = Debug|Any CPU
		{9236BA6F-BC11-44F9-9AA3-859AA6492757}.Debug|Any CPU.Build.0 = Debug|Any CPU
		{9236BA6F-BC11-44F9-9AA3-859AA6492757}.Debug|x64.ActiveCfg = Debug|Any CPU
		{9236BA6F-BC11-44F9-9AA3-859AA6492757}.Debug|x64.Build.0 = Debug|Any CPU
		{9236BA6F-BC11-44F9-9AA3-859AA6492757}.Debug|x86.ActiveCfg = Debug|Any CPU
		{9236BA6F-BC11-44F9-9AA3-859AA6492757}.Debug|x86.Build.0 = Debug|Any CPU
		{9236BA6F-BC11-44F9-9AA3-859AA6492757}.Release|Any CPU.ActiveCfg = Release|Any CPU
		{9236BA6F-BC11-44F9-9AA3-859AA6492757}.Release|Any CPU.Build.0 = Release|Any CPU
		{9236BA6F-BC11-44F9-9AA3-859AA6492757}.Release|x64.ActiveCfg = Release|Any CPU
		{9236BA6F-BC11-44F9-9AA3-859AA6492757}.Release|x64.Build.0 = Release|Any CPU
		{9236BA6F-BC11-44F9-9AA3-859AA6492757}.Release|x86.ActiveCfg = Release|Any CPU
		{9236BA6F-BC11-44F9-9AA3-859AA6492757}.Release|x86.Build.0 = Release|Any CPU
	EndGlobalSection
	GlobalSection(SolutionProperties) = preSolution
		HideSolutionNode = FALSE
	EndGlobalSection
	GlobalSection(ExtensibilityGlobals) = postSolution
		SolutionGuid = {6961C27B-187D-4DB7-99E8-CCCE5A33CAD9}
	EndGlobalSection
EndGlobal
